
Microsoft Visual Studio Solution File, Format Version 12.00
# Visual Studio Version 16
VisualStudioVersion = 16.0.29613.14
MinimumVisualStudioVersion = 10.0.40219.1
Project("{FAE04EC0-301F-11D3-BF4B-00C04F79EFBC}") = "EmployeeManagement", "EmployeeManagement\EmployeeManagement.csproj", "{E3B5CFCE-6338-4E86-88A7-D29088DFDA20}"
EndProject
Global
	GlobalSection(SolutionConfigurationPlatforms) = preSolution
		Debug|Any CPU = Debug|Any CPU
		Release|Any CPU = Release|Any CPU
	EndGlobalSection
	GlobalSection(ProjectConfigurationPlatforms) = postSolution
		{E3B5CFCE-6338-4E86-88A7-D29088DFDA20}.Debug|Any CPU.ActiveCfg = Debug|Any CPU
		{E3B5CFCE-6338-4E86-88A7-D29088DFDA20}.Debug|Any CPU.Build.0 = Debug|Any CPU
		{E3B5CFCE-6338-4E86-88A7-D29088DFDA20}.Release|Any CPU.ActiveCfg = Release|Any CPU
		{E3B5CFCE-6338-4E86-88A7-D29088DFDA20}.Release|Any CPU.Build.0 = Release|Any CPU
	EndGlobalSection
	GlobalSection(SolutionProperties) = preSolution
		HideSolutionNode = FALSE
	EndGlobalSection
	GlobalSection(ExtensibilityGlobals) = postSolution
		SolutionGuid = {325B5DDD-5F14-4B00-9E2A-63AA1BD85E58}
	EndGlobalSection
EndGlobal
